
Microsoft Visual Studio Solution File, Format Version 12.00
# Visual Studio Version 16
VisualStudioVersion = 16.0.31105.61
MinimumVisualStudioVersion = 10.0.40219.1
Project("{FAE04EC0-301F-11D3-BF4B-00C04F79EFBC}") = "TestBTC", "TestBTC\TestBTC.csproj", "{10C750F0-BA4B-4EA5-A8C5-478874AEEC25}"
EndProject
Project("{2150E333-8FDC-42A3-9474-1A3956D46DE8}") = "src", "src", "{88FDBD19-BE2C-40B1-BE3C-642F8498F744}"
EndProject
Global
	GlobalSection(SolutionConfigurationPlatforms) = preSolution
		Debug|Any CPU = Debug|Any CPU
		Release|Any CPU = Release|Any CPU
	EndGlobalSection
	GlobalSection(ProjectConfigurationPlatforms) = postSolution
		{10C750F0-BA4B-4EA5-A8C5-478874AEEC25}.Debug|Any CPU.ActiveCfg = Debug|Any CPU
		{10C750F0-BA4B-4EA5-A8C5-478874AEEC25}.Debug|Any CPU.Build.0 = Debug|Any CPU
		{10C750F0-BA4B-4EA5-A8C5-478874AEEC25}.Release|Any CPU.ActiveCfg = Release|Any CPU
		{10C750F0-BA4B-4EA5-A8C5-478874AEEC25}.Release|Any CPU.Build.0 = Release|Any CPU
	EndGlobalSection
	GlobalSection(SolutionProperties) = preSolution
		HideSolutionNode = FALSE
	EndGlobalSection
	GlobalSection(NestedProjects) = preSolution
		{10C750F0-BA4B-4EA5-A8C5-478874AEEC25} = {88FDBD19-BE2C-40B1-BE3C-642F8498F744}
	EndGlobalSection
	GlobalSection(ExtensibilityGlobals) = postSolution
		SolutionGuid = {6612C132-D2C1-4B34-9CD5-6269D6C2F6EA}
	EndGlobalSection
EndGlobal
